// !$*UTF8*$!
{
	archiveVersion = 1;
	classes = {
	};
	objectVersion = 55;
	objects = {

/* Begin PBXBuildFile section */
		C12816F127BD21BF000EC665 /* AppDelegate.swift in Sources */ = {isa = PBXBuildFile; fileRef = C12816F027BD21BF000EC665 /* AppDelegate.swift */; };
		C12816F327BD21BF000EC665 /* SceneDelegate.swift in Sources */ = {isa = PBXBuildFile; fileRef = C12816F227BD21BF000EC665 /* SceneDelegate.swift */; };
		C12816F527BD21BF000EC665 /* ViewController.swift in Sources */ = {isa = PBXBuildFile; fileRef = C12816F427BD21BF000EC665 /* ViewController.swift */; };
		C12816F827BD21BF000EC665 /* Main.storyboard in Resources */ = {isa = PBXBuildFile; fileRef = C12816F627BD21BF000EC665 /* Main.storyboard */; };
		C12816FA27BD21C2000EC665 /* Assets.xcassets in Resources */ = {isa = PBXBuildFile; fileRef = C12816F927BD21C2000EC665 /* Assets.xcassets */; };
		C12816FD27BD21C2000EC665 /* LaunchScreen.storyboard in Resources */ = {isa = PBXBuildFile; fileRef = C12816FB27BD21C2000EC665 /* LaunchScreen.storyboard */; };
		C128170827BD21C2000EC665 /* Penguin_PayTests.swift in Sources */ = {isa = PBXBuildFile; fileRef = C128170727BD21C2000EC665 /* Penguin_PayTests.swift */; };
		C128171227BD21C2000EC665 /* Penguin_PayUITests.swift in Sources */ = {isa = PBXBuildFile; fileRef = C128171127BD21C2000EC665 /* Penguin_PayUITests.swift */; };
		C128171427BD21C2000EC665 /* Penguin_PayUITestsLaunchTests.swift in Sources */ = {isa = PBXBuildFile; fileRef = C128171327BD21C2000EC665 /* Penguin_PayUITestsLaunchTests.swift */; };
/* End PBXBuildFile section */

/* Begin PBXContainerItemProxy section */
		C128170427BD21C2000EC665 /* PBXContainerItemProxy */ = {
			isa = PBXContainerItemProxy;
			containerPortal = C12816E527BD21BE000EC665 /* Project object */;
			proxyType = 1;
			remoteGlobalIDString = C12816EC27BD21BF000EC665;
			remoteInfo = "Penguin Pay";
		};
		C128170E27BD21C2000EC665 /* PBXContainerItemProxy */ = {
			isa = PBXContainerItemProxy;
			containerPortal = C12816E527BD21BE000EC665 /* Project object */;
			proxyType = 1;
			remoteGlobalIDString = C12816EC27BD21BF000EC665;
			remoteInfo = "Penguin Pay";
		};
/* End PBXContainerItemProxy section */

/* Begin PBXFileReference section */
		C12816ED27BD21BF000EC665 /* Penguin Pay.app */ = {isa = PBXFileReference; explicitFileType = wrapper.application; includeInIndex = 0; path = "Penguin Pay.app"; sourceTree = BUILT_PRODUCTS_DIR; };
		C12816F027BD21BF000EC665 /* AppDelegate.swift */ = {isa = PBXFileReference; lastKnownFileType = sourcecode.swift; path = AppDelegate.swift; sourceTree = "<group>"; };
		C12816F227BD21BF000EC665 /* SceneDelegate.swift */ = {isa = PBXFileReference; lastKnownFileType = sourcecode.swift; path = SceneDelegate.swift; sourceTree = "<group>"; };
		C12816F427BD21BF000EC665 /* ViewController.swift */ = {isa = PBXFileReference; lastKnownFileType = sourcecode.swift; path = ViewController.swift; sourceTree = "<group>"; };
		C12816F727BD21BF000EC665 /* Base */ = {isa = PBXFileReference; lastKnownFileType = file.storyboard; name = Base; path = Base.lproj/Main.storyboard; sourceTree = "<group>"; };
		C12816F927BD21C2000EC665 /* Assets.xcassets */ = {isa = PBXFileReference; lastKnownFileType = folder.assetcatalog; path = Assets.xcassets; sourceTree = "<group>"; };
		C12816FC27BD21C2000EC665 /* Base */ = {isa = PBXFileReference; lastKnownFileType = file.storyboard; name = Base; path = Base.lproj/LaunchScreen.storyboard; sourceTree = "<group>"; };
		C12816FE27BD21C2000EC665 /* Info.plist */ = {isa = PBXFileReference; lastKnownFileType = text.plist.xml; path = Info.plist; sourceTree = "<group>"; };
		C128170327BD21C2000EC665 /* Penguin PayTests.xctest */ = {isa = PBXFileReference; explicitFileType = wrapper.cfbundle; includeInIndex = 0; path = "Penguin PayTests.xctest"; sourceTree = BUILT_PRODUCTS_DIR; };
		C128170727BD21C2000EC665 /* Penguin_PayTests.swift */ = {isa = PBXFileReference; lastKnownFileType = sourcecode.swift; path = Penguin_PayTests.swift; sourceTree = "<group>"; };
		C128170D27BD21C2000EC665 /* Penguin PayUITests.xctest */ = {isa = PBXFileReference; explicitFileType = wrapper.cfbundle; includeInIndex = 0; path = "Penguin PayUITests.xctest"; sourceTree = BUILT_PRODUCTS_DIR; };
		C128171127BD21C2000EC665 /* Penguin_PayUITests.swift */ = {isa = PBXFileReference; lastKnownFileType = sourcecode.swift; path = Penguin_PayUITests.swift; sourceTree = "<group>"; };
		C128171327BD21C2000EC665 /* Penguin_PayUITestsLaunchTests.swift */ = {isa = PBXFileReference; lastKnownFileType = sourcecode.swift; path = Penguin_PayUITestsLaunchTests.swift; sourceTree = "<group>"; };
/* End PBXFileReference section */

/* Begin PBXFrameworksBuildPhase section */
		C12816EA27BD21BF000EC665 /* Frameworks */ = {
			isa = PBXFrameworksBuildPhase;
			buildActionMask = 2147483647;
			files = (
			);
			runOnlyForDeploymentPostprocessing = 0;
		};
		C128170027BD21C2000EC665 /* Frameworks */ = {
			isa = PBXFrameworksBuildPhase;
			buildActionMask = 2147483647;
			files = (
			);
			runOnlyForDeploymentPostprocessing = 0;
		};
		C128170A27BD21C2000EC665 /* Frameworks */ = {
			isa = PBXFrameworksBuildPhase;
			buildActionMask = 2147483647;
			files = (
			);
			runOnlyForDeploymentPostprocessing = 0;
		};
/* End PBXFrameworksBuildPhase section */

/* Begin PBXGroup section */
		C12816E427BD21BE000EC665 = {
			isa = PBXGroup;
			children = (
				C12816EF27BD21BF000EC665 /* Penguin Pay */,
				C128170627BD21C2000EC665 /* Penguin PayTests */,
				C128171027BD21C2000EC665 /* Penguin PayUITests */,
				C12816EE27BD21BF000EC665 /* Products */,
			);
			sourceTree = "<group>";
		};
		C12816EE27BD21BF000EC665 /* Products */ = {
			isa = PBXGroup;
			children = (
				C12816ED27BD21BF000EC665 /* Penguin Pay.app */,
				C128170327BD21C2000EC665 /* Penguin PayTests.xctest */,
				C128170D27BD21C2000EC665 /* Penguin PayUITests.xctest */,
			);
			name = Products;
			sourceTree = "<group>";
		};
		C12816EF27BD21BF000EC665 /* Penguin Pay */ = {
			isa = PBXGroup;
			children = (
				C12816F027BD21BF000EC665 /* AppDelegate.swift */,
				C12816F227BD21BF000EC665 /* SceneDelegate.swift */,
				C12816F427BD21BF000EC665 /* ViewController.swift */,
				C12816F627BD21BF000EC665 /* Main.storyboard */,
				C12816F927BD21C2000EC665 /* Assets.xcassets */,
				C12816FB27BD21C2000EC665 /* LaunchScreen.storyboard */,
				C12816FE27BD21C2000EC665 /* Info.plist */,
			);
			path = "Penguin Pay";
			sourceTree = "<group>";
		};
		C128170627BD21C2000EC665 /* Penguin PayTests */ = {
			isa = PBXGroup;
			children = (
				C128170727BD21C2000EC665 /* Penguin_PayTests.swift */,
			);
			path = "Penguin PayTests";
			sourceTree = "<group>";
		};
		C128171027BD21C2000EC665 /* Penguin PayUITests */ = {
			isa = PBXGroup;
			children = (
				C128171127BD21C2000EC665 /* Penguin_PayUITests.swift */,
				C128171327BD21C2000EC665 /* Penguin_PayUITestsLaunchTests.swift */,
			);
			path = "Penguin PayUITests";
			sourceTree = "<group>";
		};
/* End PBXGroup section */

/* Begin PBXNativeTarget section */
		C12816EC27BD21BF000EC665 /* Penguin Pay */ = {
			isa = PBXNativeTarget;
			buildConfigurationList = C128171727BD21C2000EC665 /* Build configuration list for PBXNativeTarget "Penguin Pay" */;
			buildPhases = (
				C12816E927BD21BF000EC665 /* Sources */,
				C12816EA27BD21BF000EC665 /* Frameworks */,
				C12816EB27BD21BF000EC665 /* Resources */,
			);
			buildRules = (
			);
			dependencies = (
			);
			name = "Penguin Pay";
			productName = "Penguin Pay";
			productReference = C12816ED27BD21BF000EC665 /* Penguin Pay.app */;
			productType = "com.apple.product-type.application";
		};
		C128170227BD21C2000EC665 /* Penguin PayTests */ = {
			isa = PBXNativeTarget;
			buildConfigurationList = C128171A27BD21C2000EC665 /* Build configuration list for PBXNativeTarget "Penguin PayTests" */;
			buildPhases = (
				C12816FF27BD21C2000EC665 /* Sources */,
				C128170027BD21C2000EC665 /* Frameworks */,
				C128170127BD21C2000EC665 /* Resources */,
			);
			buildRules = (
			);
			dependencies = (
				C128170527BD21C2000EC665 /* PBXTargetDependency */,
			);
			name = "Penguin PayTests";
			productName = "Penguin PayTests";
			productReference = C128170327BD21C2000EC665 /* Penguin PayTests.xctest */;
			productType = "com.apple.product-type.bundle.unit-test";
		};
		C128170C27BD21C2000EC665 /* Penguin PayUITests */ = {
			isa = PBXNativeTarget;
			buildConfigurationList = C128171D27BD21C2000EC665 /* Build configuration list for PBXNativeTarget "Penguin PayUITests" */;
			buildPhases = (
				C128170927BD21C2000EC665 /* Sources */,
				C128170A27BD21C2000EC665 /* Frameworks */,
				C128170B27BD21C2000EC665 /* Resources */,
			);
			buildRules = (
			);
			dependencies = (
				C128170F27BD21C2000EC665 /* PBXTargetDependency */,
			);
			name = "Penguin PayUITests";
			productName = "Penguin PayUITests";
			productReference = C128170D27BD21C2000EC665 /* Penguin PayUITests.xctest */;
			productType = "com.apple.product-type.bundle.ui-testing";
		};
/* End PBXNativeTarget section */

/* Begin PBXProject section */
		C12816E527BD21BE000EC665 /* Project object */ = {
			isa = PBXProject;
			attributes = {
				BuildIndependentTargetsInParallel = 1;
				LastSwiftUpdateCheck = 1320;
				LastUpgradeCheck = 1320;
				TargetAttributes = {
					C12816EC27BD21BF000EC665 = {
						CreatedOnToolsVersion = 13.2.1;
					};
					C128170227BD21C2000EC665 = {
						CreatedOnToolsVersion = 13.2.1;
						TestTargetID = C12816EC27BD21BF000EC665;
					};
					C128170C27BD21C2000EC665 = {
						CreatedOnToolsVersion = 13.2.1;
						TestTargetID = C12816EC27BD21BF000EC665;
					};
				};
			};
			buildConfigurationList = C12816E827BD21BE000EC665 /* Build configuration list for PBXProject "Penguin Pay" */;
			compatibilityVersion = "Xcode 13.0";
			developmentRegion = en;
			hasScannedForEncodings = 0;
			knownRegions = (
				en,
				Base,
			);
			mainGroup = C12816E427BD21BE000EC665;
			productRefGroup = C12816EE27BD21BF000EC665 /* Products */;
			projectDirPath = "";
			projectRoot = "";
			targets = (
				C12816EC27BD21BF000EC665 /* Penguin Pay */,
				C128170227BD21C2000EC665 /* Penguin PayTests */,
				C128170C27BD21C2000EC665 /* Penguin PayUITests */,
			);
		};
/* End PBXProject section */

/* Begin PBXResourcesBuildPhase section */
		C12816EB27BD21BF000EC665 /* Resources */ = {
			isa = PBXResourcesBuildPhase;
			buildActionMask = 2147483647;
			files = (
				C12816FD27BD21C2000EC665 /* LaunchScreen.storyboard in Resources */,
				C12816FA27BD21C2000EC665 /* Assets.xcassets in Resources */,
				C12816F827BD21BF000EC665 /* Main.storyboard in Resources */,
			);
			runOnlyForDeploymentPostprocessing = 0;
		};
		C128170127BD21C2000EC665 /* Resources */ = {
			isa = PBXResourcesBuildPhase;
			buildActionMask = 2147483647;
			files = (
			);
			runOnlyForDeploymentPostprocessing = 0;
		};
		C128170B27BD21C2000EC665 /* Resources */ = {
			isa = PBXResourcesBuildPhase;
			buildActionMask = 2147483647;
			files = (
			);
			runOnlyForDeploymentPostprocessing = 0;
		};
/* End PBXResourcesBuildPhase section */

/* Begin PBXSourcesBuildPhase section */
		C12816E927BD21BF000EC665 /* Sources */ = {
			isa = PBXSourcesBuildPhase;
			buildActionMask = 2147483647;
			files = (
				C12816F527BD21BF000EC665 /* ViewController.swift in Sources */,
				C12816F127BD21BF000EC665 /* AppDelegate.swift in Sources */,
				C12816F327BD21BF000EC665 /* SceneDelegate.swift in Sources */,
			);
			runOnlyForDeploymentPostprocessing = 0;
		};
		C12816FF27BD21C2000EC665 /* Sources */ = {
			isa = PBXSourcesBuildPhase;
			buildActionMask = 2147483647;
			files = (
				C128170827BD21C2000EC665 /* Penguin_PayTests.swift in Sources */,
			);
			runOnlyForDeploymentPostprocessing = 0;
		};
		C128170927BD21C2000EC665 /* Sources */ = {
			isa = PBXSourcesBuildPhase;
			buildActionMask = 2147483647;
			files = (
				C128171427BD21C2000EC665 /* Penguin_PayUITestsLaunchTests.swift in Sources */,
				C128171227BD21C2000EC665 /* Penguin_PayUITests.swift in Sources */,
			);
			runOnlyForDeploymentPostprocessing = 0;
		};
/* End PBXSourcesBuildPhase section */

/* Begin PBXTargetDependency section */
		C128170527BD21C2000EC665 /* PBXTargetDependency */ = {
			isa = PBXTargetDependency;
			target = C12816EC27BD21BF000EC665 /* Penguin Pay */;
			targetProxy = C128170427BD21C2000EC665 /* PBXContainerItemProxy */;
		};
		C128170F27BD21C2000EC665 /* PBXTargetDependency */ = {
			isa = PBXTargetDependency;
			target = C12816EC27BD21BF000EC665 /* Penguin Pay */;
			targetProxy = C128170E27BD21C2000EC665 /* PBXContainerItemProxy */;
		};
/* End PBXTargetDependency section */

/* Begin PBXVariantGroup section */
		C12816F627BD21BF000EC665 /* Main.storyboard */ = {
			isa = PBXVariantGroup;
			children = (
				C12816F727BD21BF000EC665 /* Base */,
			);
			name = Main.storyboard;
			sourceTree = "<group>";
		};
		C12816FB27BD21C2000EC665 /* LaunchScreen.storyboard */ = {
			isa = PBXVariantGroup;
			children = (
				C12816FC27BD21C2000EC665 /* Base */,
			);
			name = LaunchScreen.storyboard;
			sourceTree = "<group>";
		};
/* End PBXVariantGroup section */

/* Begin XCBuildConfiguration section */
		C128171527BD21C2000EC665 /* Debug */ = {
			isa = XCBuildConfiguration;
			buildSettings = {
				ALWAYS_SEARCH_USER_PATHS = NO;
				CLANG_ANALYZER_NONNULL = YES;
				CLANG_ANALYZER_NUMBER_OBJECT_CONVERSION = YES_AGGRESSIVE;
				CLANG_CXX_LANGUAGE_STANDARD = "gnu++17";
				CLANG_CXX_LIBRARY = "libc++";
				CLANG_ENABLE_MODULES = YES;
				CLANG_ENABLE_OBJC_ARC = YES;
				CLANG_ENABLE_OBJC_WEAK = YES;
				CLANG_WARN_BLOCK_CAPTURE_AUTORELEASING = YES;
				CLANG_WARN_BOOL_CONVERSION = YES;
				CLANG_WARN_COMMA = YES;
				CLANG_WARN_CONSTANT_CONVERSION = YES;
				CLANG_WARN_DEPRECATED_OBJC_IMPLEMENTATIONS = YES;
				CLANG_WARN_DIRECT_OBJC_ISA_USAGE = YES_ERROR;
				CLANG_WARN_DOCUMENTATION_COMMENTS = YES;
				CLANG_WARN_EMPTY_BODY = YES;
				CLANG_WARN_ENUM_CONVERSION = YES;
				CLANG_WARN_INFINITE_RECURSION = YES;
				CLANG_WARN_INT_CONVERSION = YES;
				CLANG_WARN_NON_LITERAL_NULL_CONVERSION = YES;
				CLANG_WARN_OBJC_IMPLICIT_RETAIN_SELF = YES;
				CLANG_WARN_OBJC_LITERAL_CONVERSION = YES;
				CLANG_WARN_OBJC_ROOT_CLASS = YES_ERROR;
				CLANG_WARN_QUOTED_INCLUDE_IN_FRAMEWORK_HEADER = YES;
				CLANG_WARN_RANGE_LOOP_ANALYSIS = YES;
				CLANG_WARN_STRICT_PROTOTYPES = YES;
				CLANG_WARN_SUSPICIOUS_MOVE = YES;
				CLANG_WARN_UNGUARDED_AVAILABILITY = YES_AGGRESSIVE;
				CLANG_WARN_UNREACHABLE_CODE = YES;
				CLANG_WARN__DUPLICATE_METHOD_MATCH = YES;
				COPY_PHASE_STRIP = NO;
				DEBUG_INFORMATION_FORMAT = dwarf;
				ENABLE_STRICT_OBJC_MSGSEND = YES;
				ENABLE_TESTABILITY = YES;
				GCC_C_LANGUAGE_STANDARD = gnu11;
				GCC_DYNAMIC_NO_PIC = NO;
				GCC_NO_COMMON_BLOCKS = YES;
				GCC_OPTIMIZATION_LEVEL = 0;
				GCC_PREPROCESSOR_DEFINITIONS = (
					"DEBUG=1",
					"$(inherited)",
				);
				GCC_WARN_64_TO_32_BIT_CONVERSION = YES;
				GCC_WARN_ABOUT_RETURN_TYPE = YES_ERROR;
				GCC_WARN_UNDECLARED_SELECTOR = YES;
				GCC_WARN_UNINITIALIZED_AUTOS = YES_AGGRESSIVE;
				GCC_WARN_UNUSED_FUNCTION = YES;
				GCC_WARN_UNUSED_VARIABLE = YES;
				IPHONEOS_DEPLOYMENT_TARGET = 15.2;
				MTL_ENABLE_DEBUG_INFO = INCLUDE_SOURCE;
				MTL_FAST_MATH = YES;
				ONLY_ACTIVE_ARCH = YES;
				SDKROOT = iphoneos;
				SWIFT_ACTIVE_COMPILATION_CONDITIONS = DEBUG;
				SWIFT_OPTIMIZATION_LEVEL = "-Onone";
			};
			name = Debug;
		};
		C128171627BD21C2000EC665 /* Release */ = {
			isa = XCBuildConfiguration;
			buildSettings = {
				ALWAYS_SEARCH_USER_PATHS = NO;
				CLANG_ANALYZER_NONNULL = YES;
				CLANG_ANALYZER_NUMBER_OBJECT_CONVERSION = YES_AGGRESSIVE;
				CLANG_CXX_LANGUAGE_STANDARD = "gnu++17";
				CLANG_CXX_LIBRARY = "libc++";
				CLANG_ENABLE_MODULES = YES;
				CLANG_ENABLE_OBJC_ARC = YES;
				CLANG_ENABLE_OBJC_WEAK = YES;
				CLANG_WARN_BLOCK_CAPTURE_AUTORELEASING = YES;
				CLANG_WARN_BOOL_CONVERSION = YES;
				CLANG_WARN_COMMA = YES;
				CLANG_WARN_CONSTANT_CONVERSION = YES;
				CLANG_WARN_DEPRECATED_OBJC_IMPLEMENTATIONS = YES;
				CLANG_WARN_DIRECT_OBJC_ISA_USAGE = YES_ERROR;
				CLANG_WARN_DOCUMENTATION_COMMENTS = YES;
				CLANG_WARN_EMPTY_BODY = YES;
				CLANG_WARN_ENUM_CONVERSION = YES;
				CLANG_WARN_INFINITE_RECURSION = YES;
				CLANG_WARN_INT_CONVERSION = YES;
				CLANG_WARN_NON_LITERAL_NULL_CONVERSION = YES;
				CLANG_WARN_OBJC_IMPLICIT_RETAIN_SELF = YES;
				CLANG_WARN_OBJC_LITERAL_CONVERSION = YES;
				CLANG_WARN_OBJC_ROOT_CLASS = YES_ERROR;
				CLANG_WARN_QUOTED_INCLUDE_IN_FRAMEWORK_HEADER = YES;
				CLANG_WARN_RANGE_LOOP_ANALYSIS = YES;
				CLANG_WARN_STRICT_PROTOTYPES = YES;
				CLANG_WARN_SUSPICIOUS_MOVE = YES;
				CLANG_WARN_UNGUARDED_AVAILABILITY = YES_AGGRESSIVE;
				CLANG_WARN_UNREACHABLE_CODE = YES;
				CLANG_WARN__DUPLICATE_METHOD_MATCH = YES;
				COPY_PHASE_STRIP = NO;
				DEBUG_INFORMATION_FORMAT = "dwarf-with-dsym";
				ENABLE_NS_ASSERTIONS = NO;
				ENABLE_STRICT_OBJC_MSGSEND = YES;
				GCC_C_LANGUAGE_STANDARD = gnu11;
				GCC_NO_COMMON_BLOCKS = YES;
				GCC_WARN_64_TO_32_BIT_CONVERSION = YES;
				GCC_WARN_ABOUT_RETURN_TYPE = YES_ERROR;
				GCC_WARN_UNDECLARED_SELECTOR = YES;
				GCC_WARN_UNINITIALIZED_AUTOS = YES_AGGRESSIVE;
				GCC_WARN_UNUSED_FUNCTION = YES;
				GCC_WARN_UNUSED_VARIABLE = YES;
				IPHONEOS_DEPLOYMENT_TARGET = 15.2;
				MTL_ENABLE_DEBUG_INFO = NO;
				MTL_FAST_MATH = YES;
				SDKROOT = iphoneos;
				SWIFT_COMPILATION_MODE = wholemodule;
				SWIFT_OPTIMIZATION_LEVEL = "-O";
				VALIDATE_PRODUCT = YES;
			};
			name = Release;
		};
		C128171827BD21C2000EC665 /* Debug */ = {
			isa = XCBuildConfiguration;
			buildSettings = {
				ASSETCATALOG_COMPILER_APPICON_NAME = AppIcon;
				ASSETCATALOG_COMPILER_GLOBAL_ACCENT_COLOR_NAME = AccentColor;
				CODE_SIGN_STYLE = Automatic;
				CURRENT_PROJECT_VERSION = 1;
				DEVELOPMENT_TEAM = 8R2D9WN3M3;
				GENERATE_INFOPLIST_FILE = YES;
				INFOPLIST_FILE = "Penguin Pay/Info.plist";
				INFOPLIST_KEY_UIApplicationSupportsIndirectInputEvents = YES;
				INFOPLIST_KEY_UILaunchStoryboardName = LaunchScreen;
				INFOPLIST_KEY_UIMainStoryboardFile = Main;
				INFOPLIST_KEY_UISupportedInterfaceOrientations_iPad = "UIInterfaceOrientationPortrait UIInterfaceOrientationPortraitUpsideDown UIInterfaceOrientationLandscapeLeft UIInterfaceOrientationLandscapeRight";
				INFOPLIST_KEY_UISupportedInterfaceOrientations_iPhone = "UIInterfaceOrientationPortrait UIInterfaceOrientationLandscapeLeft UIInterfaceOrientationLandscapeRight";
				LD_RUNPATH_SEARCH_PATHS = (
					"$(inherited)",
					"@executable_path/Frameworks",
				);
				MARKETING_VERSION = 1.0;
				PRODUCT_BUNDLE_IDENTIFIER = "info.ingjohnguerrero.Penguin-Pay";
				PRODUCT_NAME = "$(TARGET_NAME)";
				SWIFT_EMIT_LOC_STRINGS = YES;
				SWIFT_VERSION = 5.0;
				TARGETED_DEVICE_FAMILY = "1,2";
			};
			name = Debug;
		};
		C128171927BD21C2000EC665 /* Release */ = {
			isa = XCBuildConfiguration;
			buildSettings = {
				ASSETCATALOG_COMPILER_APPICON_NAME = AppIcon;
				ASSETCATALOG_COMPILER_GLOBAL_ACCENT_COLOR_NAME = AccentColor;
				CODE_SIGN_STYLE = Automatic;
				CURRENT_PROJECT_VERSION = 1;
				DEVELOPMENT_TEAM = 8R2D9WN3M3;
				GENERATE_INFOPLIST_FILE = YES;
				INFOPLIST_FILE = "Penguin Pay/Info.plist";
				INFOPLIST_KEY_UIApplicationSupportsIndirectInputEvents = YES;
				INFOPLIST_KEY_UILaunchStoryboardName = LaunchScreen;
				INFOPLIST_KEY_UIMainStoryboardFile = Main;
				INFOPLIST_KEY_UISupportedInterfaceOrientations_iPad = "UIInterfaceOrientationPortrait UIInterfaceOrientationPortraitUpsideDown UIInterfaceOrientationLandscapeLeft UIInterfaceOrientationLandscapeRight";
				INFOPLIST_KEY_UISupportedInterfaceOrientations_iPhone = "UIInterfaceOrientationPortrait UIInterfaceOrientationLandscapeLeft UIInterfaceOrientationLandscapeRight";
				LD_RUNPATH_SEARCH_PATHS = (
					"$(inherited)",
					"@executable_path/Frameworks",
				);
				MARKETING_VERSION = 1.0;
				PRODUCT_BUNDLE_IDENTIFIER = "info.ingjohnguerrero.Penguin-Pay";
				PRODUCT_NAME = "$(TARGET_NAME)";
				SWIFT_EMIT_LOC_STRINGS = YES;
				SWIFT_VERSION = 5.0;
				TARGETED_DEVICE_FAMILY = "1,2";
			};
			name = Release;
		};
		C128171B27BD21C2000EC665 /* Debug */ = {
			isa = XCBuildConfiguration;
			buildSettings = {
				ALWAYS_EMBED_SWIFT_STANDARD_LIBRARIES = YES;
				BUNDLE_LOADER = "$(TEST_HOST)";
				CODE_SIGN_STYLE = Automatic;
				CURRENT_PROJECT_VERSION = 1;
				DEVELOPMENT_TEAM = 8R2D9WN3M3;
				GENERATE_INFOPLIST_FILE = YES;
				IPHONEOS_DEPLOYMENT_TARGET = 15.2;
				MARKETING_VERSION = 1.0;
				PRODUCT_BUNDLE_IDENTIFIER = "info.ingjohnguerrero.Penguin-PayTests";
				PRODUCT_NAME = "$(TARGET_NAME)";
				SWIFT_EMIT_LOC_STRINGS = NO;
				SWIFT_VERSION = 5.0;
				TARGETED_DEVICE_FAMILY = "1,2";
				TEST_HOST = "$(BUILT_PRODUCTS_DIR)/Penguin Pay.app/Penguin Pay";
			};
			name = Debug;
		};
		C128171C27BD21C2000EC665 /* Release */ = {
			isa = XCBuildConfiguration;
			buildSettings = {
				ALWAYS_EMBED_SWIFT_STANDARD_LIBRARIES = YES;
				BUNDLE_LOADER = "$(TEST_HOST)";
				CODE_SIGN_STYLE = Automatic;
				CURRENT_PROJECT_VERSION = 1;
				DEVELOPMENT_TEAM = 8R2D9WN3M3;
				GENERATE_INFOPLIST_FILE = YES;
				IPHONEOS_DEPLOYMENT_TARGET = 15.2;
				MARKETING_VERSION = 1.0;
				PRODUCT_BUNDLE_IDENTIFIER = "info.ingjohnguerrero.Penguin-PayTests";
				PRODUCT_NAME = "$(TARGET_NAME)";
				SWIFT_EMIT_LOC_STRINGS = NO;
				SWIFT_VERSION = 5.0;
				TARGETED_DEVICE_FAMILY = "1,2";
				TEST_HOST = "$(BUILT_PRODUCTS_DIR)/Penguin Pay.app/Penguin Pay";
			};
			name = Release;
		};
		C128171E27BD21C2000EC665 /* Debug */ = {
			isa = XCBuildConfiguration;
			buildSettings = {
				ALWAYS_EMBED_SWIFT_STANDARD_LIBRARIES = YES;
				CODE_SIGN_STYLE = Automatic;
				CURRENT_PROJECT_VERSION = 1;
				DEVELOPMENT_TEAM = 8R2D9WN3M3;
				GENERATE_INFOPLIST_FILE = YES;
				MARKETING_VERSION = 1.0;
				PRODUCT_BUNDLE_IDENTIFIER = "info.ingjohnguerrero.Penguin-PayUITests";
				PRODUCT_NAME = "$(TARGET_NAME)";
				SWIFT_EMIT_LOC_STRINGS = NO;
				SWIFT_VERSION = 5.0;
				TARGETED_DEVICE_FAMILY = "1,2";
				TEST_TARGET_NAME = "Penguin Pay";
			};
			name = Debug;
		};
		C128171F27BD21C2000EC665 /* Release */ = {
			isa = XCBuildConfiguration;
			buildSettings = {
				ALWAYS_EMBED_SWIFT_STANDARD_LIBRARIES = YES;
				CODE_SIGN_STYLE = Automatic;
				CURRENT_PROJECT_VERSION = 1;
				DEVELOPMENT_TEAM = 8R2D9WN3M3;
				GENERATE_INFOPLIST_FILE = YES;
				MARKETING_VERSION = 1.0;
				PRODUCT_BUNDLE_IDENTIFIER = "info.ingjohnguerrero.Penguin-PayUITests";
				PRODUCT_NAME = "$(TARGET_NAME)";
				SWIFT_EMIT_LOC_STRINGS = NO;
				SWIFT_VERSION = 5.0;
				TARGETED_DEVICE_FAMILY = "1,2";
				TEST_TARGET_NAME = "Penguin Pay";
			};
			name = Release;
		};
/* End XCBuildConfiguration section */

/* Begin XCConfigurationList section */
		C12816E827BD21BE000EC665 /* Build configuration list for PBXProject "Penguin Pay" */ = {
			isa = XCConfigurationList;
			buildConfigurations = (
				C128171527BD21C2000EC665 /* Debug */,
				C128171627BD21C2000EC665 /* Release */,
			);
			defaultConfigurationIsVisible = 0;
			defaultConfigurationName = Release;
		};
		C128171727BD21C2000EC665 /* Build configuration list for PBXNativeTarget "Penguin Pay" */ = {
			isa = XCConfigurationList;
			buildConfigurations = (
				C128171827BD21C2000EC665 /* Debug */,
				C128171927BD21C2000EC665 /* Release */,
			);
			defaultConfigurationIsVisible = 0;
			defaultConfigurationName = Release;
		};
		C128171A27BD21C2000EC665 /* Build configuration list for PBXNativeTarget "Penguin PayTests" */ = {
			isa = XCConfigurationList;
			buildConfigurations = (
				C128171B27BD21C2000EC665 /* Debug */,
				C128171C27BD21C2000EC665 /* Release */,
			);
			defaultConfigurationIsVisible = 0;
			defaultConfigurationName = Release;
		};
		C128171D27BD21C2000EC665 /* Build configuration list for PBXNativeTarget "Penguin PayUITests" */ = {
			isa = XCConfigurationList;
			buildConfigurations = (
				C128171E27BD21C2000EC665 /* Debug */,
				C128171F27BD21C2000EC665 /* Release */,
			);
			defaultConfigurationIsVisible = 0;
			defaultConfigurationName = Release;
		};
/* End XCConfigurationList section */
	};
	rootObject = C12816E527BD21BE000EC665 /* Project object */;
}
